
Microsoft Visual Studio Solution File, Format Version 12.00
# Visual Studio Version 17
VisualStudioVersion = 17.5.002.0
MinimumVisualStudioVersion = 10.0.40219.1
Project("{9A19103F-16F7-4668-BE54-9A1E7A4F7556}") = "DIO_C#", "DIO_C#.csproj", "{C05D2D66-5C67-432C-BC39-3A71F0DA30B5}"
EndProject
Global
	GlobalSection(SolutionConfigurationPlatforms) = preSolution
		Debug|Any CPU = Debug|Any CPU
		Release|Any CPU = Release|Any CPU
	EndGlobalSection
	GlobalSection(ProjectConfigurationPlatforms) = postSolution
		{C05D2D66-5C67-432C-BC39-3A71F0DA30B5}.Debug|Any CPU.ActiveCfg = Debug|Any CPU
		{C05D2D66-5C67-432C-BC39-3A71F0DA30B5}.Debug|Any CPU.Build.0 = Debug|Any CPU
		{C05D2D66-5C67-432C-BC39-3A71F0DA30B5}.Release|Any CPU.ActiveCfg = Release|Any CPU
		{C05D2D66-5C67-432C-BC39-3A71F0DA30B5}.Release|Any CPU.Build.0 = Release|Any CPU
	EndGlobalSection
	GlobalSection(SolutionProperties) = preSolution
		HideSolutionNode = FALSE
	EndGlobalSection
	GlobalSection(ExtensibilityGlobals) = postSolution
		SolutionGuid = {70B0F710-1F26-4358-AFB1-F0766666D1E1}
	EndGlobalSection
EndGlobal
